
Microsoft Visual Studio Solution File, Format Version 12.00
# Visual Studio Version 17
VisualStudioVersion = 17.3.32825.248
MinimumVisualStudioVersion = 10.0.40219.1
Project("{2150E333-8FDC-42A3-9474-1A3956D46DE8}") = "source", "source", "{07F95154-12AA-4E19-94C9-C10A9144C5E3}"
EndProject
Project("{2150E333-8FDC-42A3-9474-1A3956D46DE8}") = "tests", "tests", "{EDF94A43-38C5-48D6-8EAA-B510A43B31FE}"
EndProject
Project("{9A19103F-16F7-4668-BE54-9A1E7A4F7556}") = "Application", "Application\Application.csproj", "{8EE584C0-C20F-4450-835D-9A0ACFEF498A}"
EndProject
Project("{9A19103F-16F7-4668-BE54-9A1E7A4F7556}") = "Domain", "Domain\Domain.csproj", "{8543BC6C-B830-4E35-BAEE-9442EA263092}"
EndProject
Project("{9A19103F-16F7-4668-BE54-9A1E7A4F7556}") = "Infrastructure", "Infrastructure\Infrastructure.csproj", "{CBB03295-1DD3-4A8B-8E74-7D967CCABC48}"
EndProject
Project("{9A19103F-16F7-4668-BE54-9A1E7A4F7556}") = "API", "API\API.csproj", "{C4369096-1814-40D7-8B92-746418A86187}"
EndProject
Project("{9A19103F-16F7-4668-BE54-9A1E7A4F7556}") = "UnitTests", "UnitTests\UnitTests.csproj", "{618D9722-138F-4376-8BAB-9D43C59449D0}"
EndProject
Global
	GlobalSection(SolutionConfigurationPlatforms) = preSolution
		Debug|Any CPU = Debug|Any CPU
		Release|Any CPU = Release|Any CPU
	EndGlobalSection
	GlobalSection(ProjectConfigurationPlatforms) = postSolution
		{8EE584C0-C20F-4450-835D-9A0ACFEF498A}.Debug|Any CPU.ActiveCfg = Debug|Any CPU
		{8EE584C0-C20F-4450-835D-9A0ACFEF498A}.Debug|Any CPU.Build.0 = Debug|Any CPU
		{8EE584C0-C20F-4450-835D-9A0ACFEF498A}.Release|Any CPU.ActiveCfg = Release|Any CPU
		{8EE584C0-C20F-4450-835D-9A0ACFEF498A}.Release|Any CPU.Build.0 = Release|Any CPU
		{8543BC6C-B830-4E35-BAEE-9442EA263092}.Debug|Any CPU.ActiveCfg = Debug|Any CPU
		{8543BC6C-B830-4E35-BAEE-9442EA263092}.Debug|Any CPU.Build.0 = Debug|Any CPU
		{8543BC6C-B830-4E35-BAEE-9442EA263092}.Release|Any CPU.ActiveCfg = Release|Any CPU
		{8543BC6C-B830-4E35-BAEE-9442EA263092}.Release|Any CPU.Build.0 = Release|Any CPU
		{CBB03295-1DD3-4A8B-8E74-7D967CCABC48}.Debug|Any CPU.ActiveCfg = Debug|Any CPU
		{CBB03295-1DD3-4A8B-8E74-7D967CCABC48}.Debug|Any CPU.Build.0 = Debug|Any CPU
		{CBB03295-1DD3-4A8B-8E74-7D967CCABC48}.Release|Any CPU.ActiveCfg = Release|Any CPU
		{CBB03295-1DD3-4A8B-8E74-7D967CCABC48}.Release|Any CPU.Build.0 = Release|Any CPU
		{C4369096-1814-40D7-8B92-746418A86187}.Debug|Any CPU.ActiveCfg = Debug|Any CPU
		{C4369096-1814-40D7-8B92-746418A86187}.Debug|Any CPU.Build.0 = Debug|Any CPU
		{C4369096-1814-40D7-8B92-746418A86187}.Release|Any CPU.ActiveCfg = Release|Any CPU
		{C4369096-1814-40D7-8B92-746418A86187}.Release|Any CPU.Build.0 = Release|Any CPU
		{618D9722-138F-4376-8BAB-9D43C59449D0}.Debug|Any CPU.ActiveCfg = Debug|Any CPU
		{618D9722-138F-4376-8BAB-9D43C59449D0}.Debug|Any CPU.Build.0 = Debug|Any CPU
		{618D9722-138F-4376-8BAB-9D43C59449D0}.Release|Any CPU.ActiveCfg = Release|Any CPU
		{618D9722-138F-4376-8BAB-9D43C59449D0}.Release|Any CPU.Build.0 = Release|Any CPU
	EndGlobalSection
	GlobalSection(SolutionProperties) = preSolution
		HideSolutionNode = FALSE
	EndGlobalSection
	GlobalSection(NestedProjects) = preSolution
		{8EE584C0-C20F-4450-835D-9A0ACFEF498A} = {07F95154-12AA-4E19-94C9-C10A9144C5E3}
		{8543BC6C-B830-4E35-BAEE-9442EA263092} = {07F95154-12AA-4E19-94C9-C10A9144C5E3}
		{CBB03295-1DD3-4A8B-8E74-7D967CCABC48} = {07F95154-12AA-4E19-94C9-C10A9144C5E3}
		{C4369096-1814-40D7-8B92-746418A86187} = {07F95154-12AA-4E19-94C9-C10A9144C5E3}
		{618D9722-138F-4376-8BAB-9D43C59449D0} = {EDF94A43-38C5-48D6-8EAA-B510A43B31FE}
	EndGlobalSection
	GlobalSection(ExtensibilityGlobals) = postSolution
		SolutionGuid = {DDE1D065-8B13-4415-824B-333EAD00B660}
	EndGlobalSection
EndGlobal
